
Microsoft Visual Studio Solution File, Format Version 12.00
# Visual Studio Version 16
VisualStudioVersion = 16.0.29102.190
MinimumVisualStudioVersion = 10.0.40219.1
Project("{FAE04EC0-301F-11D3-BF4B-00C04F79EFBC}") = "rabbitmq_send", "rabbitmq_send\rabbitmq_send.csproj", "{FBE7FD7D-16C3-4D93-91E1-4A57CBA0F5F5}"
EndProject
Project("{FAE04EC0-301F-11D3-BF4B-00C04F79EFBC}") = "rabbitmq_receive", "rabbitmq_receive\rabbitmq_receive.csproj", "{47896DB2-A78F-4504-8C34-F9FFA03589EB}"
EndProject
Global
	GlobalSection(SolutionConfigurationPlatforms) = preSolution
		Debug|Any CPU = Debug|Any CPU
		Release|Any CPU = Release|Any CPU
	EndGlobalSection
	GlobalSection(ProjectConfigurationPlatforms) = postSolution
		{FBE7FD7D-16C3-4D93-91E1-4A57CBA0F5F5}.Debug|Any CPU.ActiveCfg = Debug|Any CPU
		{FBE7FD7D-16C3-4D93-91E1-4A57CBA0F5F5}.Debug|Any CPU.Build.0 = Debug|Any CPU
		{FBE7FD7D-16C3-4D93-91E1-4A57CBA0F5F5}.Release|Any CPU.ActiveCfg = Release|Any CPU
		{FBE7FD7D-16C3-4D93-91E1-4A57CBA0F5F5}.Release|Any CPU.Build.0 = Release|Any CPU
		{47896DB2-A78F-4504-8C34-F9FFA03589EB}.Debug|Any CPU.ActiveCfg = Debug|Any CPU
		{47896DB2-A78F-4504-8C34-F9FFA03589EB}.Debug|Any CPU.Build.0 = Debug|Any CPU
		{47896DB2-A78F-4504-8C34-F9FFA03589EB}.Release|Any CPU.ActiveCfg = Release|Any CPU
		{47896DB2-A78F-4504-8C34-F9FFA03589EB}.Release|Any CPU.Build.0 = Release|Any CPU
	EndGlobalSection
	GlobalSection(SolutionProperties) = preSolution
		HideSolutionNode = FALSE
	EndGlobalSection
	GlobalSection(ExtensibilityGlobals) = postSolution
		SolutionGuid = {177F0021-FF78-4140-A06D-75314C8B19ED}
	EndGlobalSection
EndGlobal
